// !$*UTF8*$!
{
	archiveVersion = 1;
	classes = {
	};
	objectVersion = 56;
	objects = {

/* Begin PBXBuildFile section */
		9000A2E62CC1FE8C00FD8152 /* MovieDetailViewController+CollectionView+Extension.swift in Sources */ = {isa = PBXBuildFile; fileRef = 9000A2E52CC1FE8C00FD8152 /* MovieDetailViewController+CollectionView+Extension.swift */; };
		9000A2E82CC1FF6000FD8152 /* MovieDetailViewModel.swift in Sources */ = {isa = PBXBuildFile; fileRef = 9000A2E72CC1FF6000FD8152 /* MovieDetailViewModel.swift */; };
		9069A1DF2CC5F42D00E9CF75 /* FavoriteMovieCell.swift in Sources */ = {isa = PBXBuildFile; fileRef = 9069A1DD2CC5F42D00E9CF75 /* FavoriteMovieCell.swift */; };
		9069A1E02CC5F42D00E9CF75 /* FavoriteMovieCell.xib in Resources */ = {isa = PBXBuildFile; fileRef = 9069A1DE2CC5F42D00E9CF75 /* FavoriteMovieCell.xib */; };
		9069A1E22CC73B9100E9CF75 /* GetFavoriteMoviesUsecase.swift in Sources */ = {isa = PBXBuildFile; fileRef = 9069A1E12CC73B9100E9CF75 /* GetFavoriteMoviesUsecase.swift */; };
		9069A1E62CC73D4F00E9CF75 /* MovieDataModel.xcdatamodeld in Sources */ = {isa = PBXBuildFile; fileRef = 9069A1E42CC73D4F00E9CF75 /* MovieDataModel.xcdatamodeld */; };
		9069A1E82CC73F5100E9CF75 /* CoreDataManager.swift in Sources */ = {isa = PBXBuildFile; fileRef = 9069A1E72CC73F5100E9CF75 /* CoreDataManager.swift */; };
		9069A1EA2CC741D000E9CF75 /* MovieLocalDataSource.swift in Sources */ = {isa = PBXBuildFile; fileRef = 9069A1E92CC741D000E9CF75 /* MovieLocalDataSource.swift */; };
		9069A2002CC75A0E00E9CF75 /* AddToFavoriteUsecase.swift in Sources */ = {isa = PBXBuildFile; fileRef = 9069A1FF2CC75A0E00E9CF75 /* AddToFavoriteUsecase.swift */; };
		9069A2032CC784FB00E9CF75 /* FavoriteMovieViewModel.swift in Sources */ = {isa = PBXBuildFile; fileRef = 9069A2022CC784FB00E9CF75 /* FavoriteMovieViewModel.swift */; };
		90AB38862CC0B4C800B756D2 /* MovieDetailViewController.swift in Sources */ = {isa = PBXBuildFile; fileRef = 90AB38852CC0B4C800B756D2 /* MovieDetailViewController.swift */; };
		90AB388F2CC1DB2100B756D2 /* MovieDetailBackgroundCell.xib in Resources */ = {isa = PBXBuildFile; fileRef = 90AB388E2CC1DB2100B756D2 /* MovieDetailBackgroundCell.xib */; };
		90AB38902CC1DB2100B756D2 /* MovieDetailBackgroundCell.swift in Sources */ = {isa = PBXBuildFile; fileRef = 90AB388D2CC1DB2100B756D2 /* MovieDetailBackgroundCell.swift */; };
		90D0FD7C2CC095E10017BD86 /* GetMovieDetail.swift in Sources */ = {isa = PBXBuildFile; fileRef = 90D0FD7B2CC095E10017BD86 /* GetMovieDetail.swift */; };
		90F458002CBF9F1C001A4CB0 /* MovieGridCell.xib in Resources */ = {isa = PBXBuildFile; fileRef = 90F457ED2CBF9F1C001A4CB0 /* MovieGridCell.xib */; };
		90F458012CBF9F1C001A4CB0 /* Assets.xcassets in Resources */ = {isa = PBXBuildFile; fileRef = 90F457F72CBF9F1C001A4CB0 /* Assets.xcassets */; };
		90F458022CBF9F1C001A4CB0 /* LaunchScreen.storyboard in Resources */ = {isa = PBXBuildFile; fileRef = 90F457F92CBF9F1C001A4CB0 /* LaunchScreen.storyboard */; };
		90F458042CBF9F1C001A4CB0 /* MovieRemoteDataSource.swift in Sources */ = {isa = PBXBuildFile; fileRef = 90F457CC2CBF9F1C001A4CB0 /* MovieRemoteDataSource.swift */; };
		90F458052CBF9F1C001A4CB0 /* MovieRepositoryImpl.swift in Sources */ = {isa = PBXBuildFile; fileRef = 90F457CE2CBF9F1C001A4CB0 /* MovieRepositoryImpl.swift */; };
		90F458062CBF9F1C001A4CB0 /* Movie.swift in Sources */ = {isa = PBXBuildFile; fileRef = 90F457D12CBF9F1C001A4CB0 /* Movie.swift */; };
		90F458072CBF9F1C001A4CB0 /* MovieRepository.swift in Sources */ = {isa = PBXBuildFile; fileRef = 90F457D32CBF9F1C001A4CB0 /* MovieRepository.swift */; };
		90F458082CBF9F1C001A4CB0 /* GetPopularMoviesUsecase.swift in Sources */ = {isa = PBXBuildFile; fileRef = 90F457D52CBF9F1C001A4CB0 /* GetPopularMoviesUsecase.swift */; };
		90F458092CBF9F1C001A4CB0 /* GetTopRatedMoviesUsecase.swift in Sources */ = {isa = PBXBuildFile; fileRef = 90F457D62CBF9F1C001A4CB0 /* GetTopRatedMoviesUsecase.swift */; };
		90F4580A2CBF9F1C001A4CB0 /* GetUpcomingMoviesUsecase.swift in Sources */ = {isa = PBXBuildFile; fileRef = 90F457D72CBF9F1C001A4CB0 /* GetUpcomingMoviesUsecase.swift */; };
		90F4580B2CBF9F1C001A4CB0 /* SearchMoviesUsecase.swift in Sources */ = {isa = PBXBuildFile; fileRef = 90F457D82CBF9F1C001A4CB0 /* SearchMoviesUsecase.swift */; };
		90F4580C2CBF9F1C001A4CB0 /* FavoriteViewController.swift in Sources */ = {isa = PBXBuildFile; fileRef = 90F457DB2CBF9F1C001A4CB0 /* FavoriteViewController.swift */; };
		90F4580D2CBF9F1C001A4CB0 /* HomeViewController+CollectionView+Extension.swift in Sources */ = {isa = PBXBuildFile; fileRef = 90F457DD2CBF9F1C001A4CB0 /* HomeViewController+CollectionView+Extension.swift */; };
		90F4580E2CBF9F1C001A4CB0 /* HomeViewController+RxSwift+Extension.swift in Sources */ = {isa = PBXBuildFile; fileRef = 90F457DE2CBF9F1C001A4CB0 /* HomeViewController+RxSwift+Extension.swift */; };
		90F4580F2CBF9F1C001A4CB0 /* HeaderCollectionReusableView.swift in Sources */ = {isa = PBXBuildFile; fileRef = 90F457E02CBF9F1C001A4CB0 /* HeaderCollectionReusableView.swift */; };
		90F458102CBF9F1C001A4CB0 /* MovieCell.swift in Sources */ = {isa = PBXBuildFile; fileRef = 90F457E12CBF9F1C001A4CB0 /* MovieCell.swift */; };
		90F458112CBF9F1C001A4CB0 /* TopRatedMovieCell.swift in Sources */ = {isa = PBXBuildFile; fileRef = 90F457E22CBF9F1C001A4CB0 /* TopRatedMovieCell.swift */; };
		90F458122CBF9F1C001A4CB0 /* MovieListViewModel.swift in Sources */ = {isa = PBXBuildFile; fileRef = 90F457E42CBF9F1C001A4CB0 /* MovieListViewModel.swift */; };
		90F458132CBF9F1C001A4CB0 /* HomeViewController.swift in Sources */ = {isa = PBXBuildFile; fileRef = 90F457E62CBF9F1C001A4CB0 /* HomeViewController.swift */; };
		90F458142CBF9F1C001A4CB0 /* PopularMoviesViewController+CollectionView+Extension.swift in Sources */ = {isa = PBXBuildFile; fileRef = 90F457E82CBF9F1C001A4CB0 /* PopularMoviesViewController+CollectionView+Extension.swift */; };
		90F458152CBF9F1C001A4CB0 /* PopularMoviesViewController+RxSwift+Extension.swift in Sources */ = {isa = PBXBuildFile; fileRef = 90F457E92CBF9F1C001A4CB0 /* PopularMoviesViewController+RxSwift+Extension.swift */; };
		90F458162CBF9F1C001A4CB0 /* PopularMoviewsViewController+TextField+Extension.swift in Sources */ = {isa = PBXBuildFile; fileRef = 90F457EA2CBF9F1C001A4CB0 /* PopularMoviewsViewController+TextField+Extension.swift */; };
		90F458172CBF9F1C001A4CB0 /* MovieGridCell.swift in Sources */ = {isa = PBXBuildFile; fileRef = 90F457EC2CBF9F1C001A4CB0 /* MovieGridCell.swift */; };
		90F458182CBF9F1C001A4CB0 /* PopularMovieListViewModel.swift in Sources */ = {isa = PBXBuildFile; fileRef = 90F457EF2CBF9F1C001A4CB0 /* PopularMovieListViewModel.swift */; };
		90F458192CBF9F1C001A4CB0 /* PopularMoviesViewController.swift in Sources */ = {isa = PBXBuildFile; fileRef = 90F457F12CBF9F1C001A4CB0 /* PopularMoviesViewController.swift */; };
		90F4581A2CBF9F1C001A4CB0 /* helper.swift in Sources */ = {isa = PBXBuildFile; fileRef = 90F457F42CBF9F1C001A4CB0 /* helper.swift */; };
		90F4581B2CBF9F1C001A4CB0 /* AppDelegate.swift in Sources */ = {isa = PBXBuildFile; fileRef = 90F457F62CBF9F1C001A4CB0 /* AppDelegate.swift */; };
		90F4581C2CBF9F1C001A4CB0 /* MuviTabBarViewController.swift in Sources */ = {isa = PBXBuildFile; fileRef = 90F457FA2CBF9F1C001A4CB0 /* MuviTabBarViewController.swift */; };
		90F4581D2CBF9F1C001A4CB0 /* SceneDelegate.swift in Sources */ = {isa = PBXBuildFile; fileRef = 90F457FB2CBF9F1C001A4CB0 /* SceneDelegate.swift */; };
		90F4581E2CBF9F1C001A4CB0 /* ViewController.swift in Sources */ = {isa = PBXBuildFile; fileRef = 90F457FC2CBF9F1C001A4CB0 /* ViewController.swift */; };
		90F92B3E2CC1E4680017F34D /* CastMemberCell.xib in Resources */ = {isa = PBXBuildFile; fileRef = 90F92B3D2CC1E4680017F34D /* CastMemberCell.xib */; };
		90F92B3F2CC1E4680017F34D /* CastMemberCell.swift in Sources */ = {isa = PBXBuildFile; fileRef = 90F92B3C2CC1E4680017F34D /* CastMemberCell.swift */; };
		D804053B2232C638E85930ED /* Pods_Muvi.framework in Frameworks */ = {isa = PBXBuildFile; fileRef = 25105CA305B4E98040F3075A /* Pods_Muvi.framework */; };
/* End PBXBuildFile section */

/* Begin PBXCopyFilesBuildPhase section */
		906B04C92CB927B300730773 /* Embed Frameworks */ = {
			isa = PBXCopyFilesBuildPhase;
			buildActionMask = 2147483647;
			dstPath = "";
			dstSubfolderSpec = 10;
			files = (
			);
			name = "Embed Frameworks";
			runOnlyForDeploymentPostprocessing = 0;
		};
/* End PBXCopyFilesBuildPhase section */

/* Begin PBXFileReference section */
		0FE84CB7397699A319A57E1B /* Pods-Muvi.debug.xcconfig */ = {isa = PBXFileReference; includeInIndex = 1; lastKnownFileType = text.xcconfig; name = "Pods-Muvi.debug.xcconfig"; path = "Target Support Files/Pods-Muvi/Pods-Muvi.debug.xcconfig"; sourceTree = "<group>"; };
		25105CA305B4E98040F3075A /* Pods_Muvi.framework */ = {isa = PBXFileReference; explicitFileType = wrapper.framework; includeInIndex = 0; path = Pods_Muvi.framework; sourceTree = BUILT_PRODUCTS_DIR; };
		7A5D8FCDB2DEEC39A2593512 /* Pods-Muvi.release.xcconfig */ = {isa = PBXFileReference; includeInIndex = 1; lastKnownFileType = text.xcconfig; name = "Pods-Muvi.release.xcconfig"; path = "Target Support Files/Pods-Muvi/Pods-Muvi.release.xcconfig"; sourceTree = "<group>"; };
		9000A2E52CC1FE8C00FD8152 /* MovieDetailViewController+CollectionView+Extension.swift */ = {isa = PBXFileReference; lastKnownFileType = sourcecode.swift; path = "MovieDetailViewController+CollectionView+Extension.swift"; sourceTree = "<group>"; };
		9000A2E72CC1FF6000FD8152 /* MovieDetailViewModel.swift */ = {isa = PBXFileReference; lastKnownFileType = sourcecode.swift; path = MovieDetailViewModel.swift; sourceTree = "<group>"; };
		9048F1A52CB8C9E200D0FC34 /* Muvi.app */ = {isa = PBXFileReference; explicitFileType = wrapper.application; includeInIndex = 0; path = Muvi.app; sourceTree = BUILT_PRODUCTS_DIR; };
		9069A1DD2CC5F42D00E9CF75 /* FavoriteMovieCell.swift */ = {isa = PBXFileReference; lastKnownFileType = sourcecode.swift; path = FavoriteMovieCell.swift; sourceTree = "<group>"; };
		9069A1DE2CC5F42D00E9CF75 /* FavoriteMovieCell.xib */ = {isa = PBXFileReference; lastKnownFileType = file.xib; path = FavoriteMovieCell.xib; sourceTree = "<group>"; };
		9069A1E12CC73B9100E9CF75 /* GetFavoriteMoviesUsecase.swift */ = {isa = PBXFileReference; lastKnownFileType = sourcecode.swift; path = GetFavoriteMoviesUsecase.swift; sourceTree = "<group>"; };
		9069A1E52CC73D4F00E9CF75 /* MovieDataModel.xcdatamodel */ = {isa = PBXFileReference; lastKnownFileType = wrapper.xcdatamodel; path = MovieDataModel.xcdatamodel; sourceTree = "<group>"; };
		9069A1E72CC73F5100E9CF75 /* CoreDataManager.swift */ = {isa = PBXFileReference; lastKnownFileType = sourcecode.swift; path = CoreDataManager.swift; sourceTree = "<group>"; };
		9069A1E92CC741D000E9CF75 /* MovieLocalDataSource.swift */ = {isa = PBXFileReference; lastKnownFileType = sourcecode.swift; path = MovieLocalDataSource.swift; sourceTree = "<group>"; };
		9069A1FF2CC75A0E00E9CF75 /* AddToFavoriteUsecase.swift */ = {isa = PBXFileReference; lastKnownFileType = sourcecode.swift; path = AddToFavoriteUsecase.swift; sourceTree = "<group>"; };
		9069A2022CC784FB00E9CF75 /* FavoriteMovieViewModel.swift */ = {isa = PBXFileReference; lastKnownFileType = sourcecode.swift; path = FavoriteMovieViewModel.swift; sourceTree = "<group>"; };
		90AB38852CC0B4C800B756D2 /* MovieDetailViewController.swift */ = {isa = PBXFileReference; lastKnownFileType = sourcecode.swift; path = MovieDetailViewController.swift; sourceTree = "<group>"; };
		90AB388D2CC1DB2100B756D2 /* MovieDetailBackgroundCell.swift */ = {isa = PBXFileReference; lastKnownFileType = sourcecode.swift; path = MovieDetailBackgroundCell.swift; sourceTree = "<group>"; };
		90AB388E2CC1DB2100B756D2 /* MovieDetailBackgroundCell.xib */ = {isa = PBXFileReference; lastKnownFileType = file.xib; path = MovieDetailBackgroundCell.xib; sourceTree = "<group>"; };
		90D0FD7B2CC095E10017BD86 /* GetMovieDetail.swift */ = {isa = PBXFileReference; lastKnownFileType = sourcecode.swift; path = GetMovieDetail.swift; sourceTree = "<group>"; };
		90F457CC2CBF9F1C001A4CB0 /* MovieRemoteDataSource.swift */ = {isa = PBXFileReference; lastKnownFileType = sourcecode.swift; path = MovieRemoteDataSource.swift; sourceTree = "<group>"; };
		90F457CE2CBF9F1C001A4CB0 /* MovieRepositoryImpl.swift */ = {isa = PBXFileReference; lastKnownFileType = sourcecode.swift; path = MovieRepositoryImpl.swift; sourceTree = "<group>"; };
		90F457D12CBF9F1C001A4CB0 /* Movie.swift */ = {isa = PBXFileReference; lastKnownFileType = sourcecode.swift; path = Movie.swift; sourceTree = "<group>"; };
		90F457D32CBF9F1C001A4CB0 /* MovieRepository.swift */ = {isa = PBXFileReference; lastKnownFileType = sourcecode.swift; path = MovieRepository.swift; sourceTree = "<group>"; };
		90F457D52CBF9F1C001A4CB0 /* GetPopularMoviesUsecase.swift */ = {isa = PBXFileReference; lastKnownFileType = sourcecode.swift; path = GetPopularMoviesUsecase.swift; sourceTree = "<group>"; };
		90F457D62CBF9F1C001A4CB0 /* GetTopRatedMoviesUsecase.swift */ = {isa = PBXFileReference; lastKnownFileType = sourcecode.swift; path = GetTopRatedMoviesUsecase.swift; sourceTree = "<group>"; };
		90F457D72CBF9F1C001A4CB0 /* GetUpcomingMoviesUsecase.swift */ = {isa = PBXFileReference; lastKnownFileType = sourcecode.swift; path = GetUpcomingMoviesUsecase.swift; sourceTree = "<group>"; };
		90F457D82CBF9F1C001A4CB0 /* SearchMoviesUsecase.swift */ = {isa = PBXFileReference; lastKnownFileType = sourcecode.swift; path = SearchMoviesUsecase.swift; sourceTree = "<group>"; };
		90F457DB2CBF9F1C001A4CB0 /* FavoriteViewController.swift */ = {isa = PBXFileReference; lastKnownFileType = sourcecode.swift; path = FavoriteViewController.swift; sourceTree = "<group>"; };
		90F457DD2CBF9F1C001A4CB0 /* HomeViewController+CollectionView+Extension.swift */ = {isa = PBXFileReference; lastKnownFileType = sourcecode.swift; path = "HomeViewController+CollectionView+Extension.swift"; sourceTree = "<group>"; };
		90F457DE2CBF9F1C001A4CB0 /* HomeViewController+RxSwift+Extension.swift */ = {isa = PBXFileReference; lastKnownFileType = sourcecode.swift; path = "HomeViewController+RxSwift+Extension.swift"; sourceTree = "<group>"; };
		90F457E02CBF9F1C001A4CB0 /* HeaderCollectionReusableView.swift */ = {isa = PBXFileReference; lastKnownFileType = sourcecode.swift; path = HeaderCollectionReusableView.swift; sourceTree = "<group>"; };
		90F457E12CBF9F1C001A4CB0 /* MovieCell.swift */ = {isa = PBXFileReference; lastKnownFileType = sourcecode.swift; path = MovieCell.swift; sourceTree = "<group>"; };
		90F457E22CBF9F1C001A4CB0 /* TopRatedMovieCell.swift */ = {isa = PBXFileReference; lastKnownFileType = sourcecode.swift; path = TopRatedMovieCell.swift; sourceTree = "<group>"; };
		90F457E42CBF9F1C001A4CB0 /* MovieListViewModel.swift */ = {isa = PBXFileReference; lastKnownFileType = sourcecode.swift; path = MovieListViewModel.swift; sourceTree = "<group>"; };
		90F457E62CBF9F1C001A4CB0 /* HomeViewController.swift */ = {isa = PBXFileReference; lastKnownFileType = sourcecode.swift; path = HomeViewController.swift; sourceTree = "<group>"; };
		90F457E82CBF9F1C001A4CB0 /* PopularMoviesViewController+CollectionView+Extension.swift */ = {isa = PBXFileReference; lastKnownFileType = sourcecode.swift; path = "PopularMoviesViewController+CollectionView+Extension.swift"; sourceTree = "<group>"; };
		90F457E92CBF9F1C001A4CB0 /* PopularMoviesViewController+RxSwift+Extension.swift */ = {isa = PBXFileReference; lastKnownFileType = sourcecode.swift; path = "PopularMoviesViewController+RxSwift+Extension.swift"; sourceTree = "<group>"; };
		90F457EA2CBF9F1C001A4CB0 /* PopularMoviewsViewController+TextField+Extension.swift */ = {isa = PBXFileReference; lastKnownFileType = sourcecode.swift; path = "PopularMoviewsViewController+TextField+Extension.swift"; sourceTree = "<group>"; };
		90F457EC2CBF9F1C001A4CB0 /* MovieGridCell.swift */ = {isa = PBXFileReference; lastKnownFileType = sourcecode.swift; path = MovieGridCell.swift; sourceTree = "<group>"; };
		90F457ED2CBF9F1C001A4CB0 /* MovieGridCell.xib */ = {isa = PBXFileReference; lastKnownFileType = file.xib; path = MovieGridCell.xib; sourceTree = "<group>"; };
		90F457EF2CBF9F1C001A4CB0 /* PopularMovieListViewModel.swift */ = {isa = PBXFileReference; lastKnownFileType = sourcecode.swift; path = PopularMovieListViewModel.swift; sourceTree = "<group>"; };
		90F457F12CBF9F1C001A4CB0 /* PopularMoviesViewController.swift */ = {isa = PBXFileReference; lastKnownFileType = sourcecode.swift; path = PopularMoviesViewController.swift; sourceTree = "<group>"; };
		90F457F42CBF9F1C001A4CB0 /* helper.swift */ = {isa = PBXFileReference; lastKnownFileType = sourcecode.swift; path = helper.swift; sourceTree = "<group>"; };
		90F457F62CBF9F1C001A4CB0 /* AppDelegate.swift */ = {isa = PBXFileReference; lastKnownFileType = sourcecode.swift; path = AppDelegate.swift; sourceTree = "<group>"; };
		90F457F72CBF9F1C001A4CB0 /* Assets.xcassets */ = {isa = PBXFileReference; lastKnownFileType = folder.assetcatalog; path = Assets.xcassets; sourceTree = "<group>"; };
		90F457F82CBF9F1C001A4CB0 /* Base */ = {isa = PBXFileReference; lastKnownFileType = file.storyboard; name = Base; path = Base.lproj/LaunchScreen.storyboard; sourceTree = "<group>"; };
		90F457FA2CBF9F1C001A4CB0 /* MuviTabBarViewController.swift */ = {isa = PBXFileReference; lastKnownFileType = sourcecode.swift; path = MuviTabBarViewController.swift; sourceTree = "<group>"; };
		90F457FB2CBF9F1C001A4CB0 /* SceneDelegate.swift */ = {isa = PBXFileReference; lastKnownFileType = sourcecode.swift; path = SceneDelegate.swift; sourceTree = "<group>"; };
		90F457FC2CBF9F1C001A4CB0 /* ViewController.swift */ = {isa = PBXFileReference; lastKnownFileType = sourcecode.swift; path = ViewController.swift; sourceTree = "<group>"; };
		90F457FE2CBF9F1C001A4CB0 /* Info.plist */ = {isa = PBXFileReference; lastKnownFileType = text.plist.xml; path = Info.plist; sourceTree = "<group>"; };
		90F92B3C2CC1E4680017F34D /* CastMemberCell.swift */ = {isa = PBXFileReference; lastKnownFileType = sourcecode.swift; path = CastMemberCell.swift; sourceTree = "<group>"; };
		90F92B3D2CC1E4680017F34D /* CastMemberCell.xib */ = {isa = PBXFileReference; lastKnownFileType = file.xib; path = CastMemberCell.xib; sourceTree = "<group>"; };
/* End PBXFileReference section */

/* Begin PBXFrameworksBuildPhase section */
		9048F1A22CB8C9E200D0FC34 /* Frameworks */ = {
			isa = PBXFrameworksBuildPhase;
			buildActionMask = 2147483647;
			files = (
				D804053B2232C638E85930ED /* Pods_Muvi.framework in Frameworks */,
			);
			runOnlyForDeploymentPostprocessing = 0;
		};
/* End PBXFrameworksBuildPhase section */

/* Begin PBXGroup section */
		706E6CF6F541D4EB1ED7060D /* Pods */ = {
			isa = PBXGroup;
			children = (
				0FE84CB7397699A319A57E1B /* Pods-Muvi.debug.xcconfig */,
				7A5D8FCDB2DEEC39A2593512 /* Pods-Muvi.release.xcconfig */,
			);
			path = Pods;
			sourceTree = "<group>";
		};
		9048F19C2CB8C9E200D0FC34 = {
			isa = PBXGroup;
			children = (
				90F457FF2CBF9F1C001A4CB0 /* Muvi */,
				9048F1A62CB8C9E200D0FC34 /* Products */,
				706E6CF6F541D4EB1ED7060D /* Pods */,
				9A5418FE74CC77A05D5510A1 /* Frameworks */,
			);
			sourceTree = "<group>";
		};
		9048F1A62CB8C9E200D0FC34 /* Products */ = {
			isa = PBXGroup;
			children = (
				9048F1A52CB8C9E200D0FC34 /* Muvi.app */,
			);
			name = Products;
			sourceTree = "<group>";
		};
		9069A1DA2CC5F40300E9CF75 /* SubViews */ = {
			isa = PBXGroup;
			children = (
				9069A1DD2CC5F42D00E9CF75 /* FavoriteMovieCell.swift */,
				9069A1DE2CC5F42D00E9CF75 /* FavoriteMovieCell.xib */,
			);
			path = SubViews;
			sourceTree = "<group>";
		};
		9069A1E32CC73D2200E9CF75 /* CoreData */ = {
			isa = PBXGroup;
			children = (
				9069A1E42CC73D4F00E9CF75 /* MovieDataModel.xcdatamodeld */,
				9069A1E72CC73F5100E9CF75 /* CoreDataManager.swift */,
			);
			path = CoreData;
			sourceTree = "<group>";
		};
		9069A2012CC784E900E9CF75 /* ViewModels */ = {
			isa = PBXGroup;
			children = (
				9069A2022CC784FB00E9CF75 /* FavoriteMovieViewModel.swift */,
			);
			path = ViewModels;
			sourceTree = "<group>";
		};
		90D0FD6B2CC0937D0017BD86 /* Extensions */ = {
			isa = PBXGroup;
			children = (
				9000A2E52CC1FE8C00FD8152 /* MovieDetailViewController+CollectionView+Extension.swift */,
			);
			path = Extensions;
			sourceTree = "<group>";
		};
		90D0FD6F2CC0937D0017BD86 /* SubViews */ = {
			isa = PBXGroup;
			children = (
				90F92B3B2CC1E4580017F34D /* CastMemberCell */,
				90F92B3A2CC1E44A0017F34D /* MovieDetailBackgroundCell */,
			);
			path = SubViews;
			sourceTree = "<group>";
		};
		90D0FD712CC0937D0017BD86 /* ViewModels */ = {
			isa = PBXGroup;
			children = (
				9000A2E72CC1FF6000FD8152 /* MovieDetailViewModel.swift */,
			);
			path = ViewModels;
			sourceTree = "<group>";
		};
		90D0FD732CC0937D0017BD86 /* Detail */ = {
			isa = PBXGroup;
			children = (
				90D0FD6B2CC0937D0017BD86 /* Extensions */,
				90D0FD6F2CC0937D0017BD86 /* SubViews */,
				90D0FD712CC0937D0017BD86 /* ViewModels */,
				90AB38852CC0B4C800B756D2 /* MovieDetailViewController.swift */,
			);
			path = Detail;
			sourceTree = "<group>";
		};
		90F457CD2CBF9F1C001A4CB0 /* Datasources */ = {
			isa = PBXGroup;
			children = (
				90F457CC2CBF9F1C001A4CB0 /* MovieRemoteDataSource.swift */,
				9069A1E92CC741D000E9CF75 /* MovieLocalDataSource.swift */,
			);
			path = Datasources;
			sourceTree = "<group>";
		};
		90F457CF2CBF9F1C001A4CB0 /* Repositories */ = {
			isa = PBXGroup;
			children = (
				90F457CE2CBF9F1C001A4CB0 /* MovieRepositoryImpl.swift */,
			);
			path = Repositories;
			sourceTree = "<group>";
		};
		90F457D02CBF9F1C001A4CB0 /* Data */ = {
			isa = PBXGroup;
			children = (
				9069A1E32CC73D2200E9CF75 /* CoreData */,
				90F457CD2CBF9F1C001A4CB0 /* Datasources */,
				90F457CF2CBF9F1C001A4CB0 /* Repositories */,
			);
			path = Data;
			sourceTree = "<group>";
		};
		90F457D22CBF9F1C001A4CB0 /* Entities */ = {
			isa = PBXGroup;
			children = (
				90F457D12CBF9F1C001A4CB0 /* Movie.swift */,
			);
			path = Entities;
			sourceTree = "<group>";
		};
		90F457D42CBF9F1C001A4CB0 /* Repositories */ = {
			isa = PBXGroup;
			children = (
				90F457D32CBF9F1C001A4CB0 /* MovieRepository.swift */,
			);
			path = Repositories;
			sourceTree = "<group>";
		};
		90F457D92CBF9F1C001A4CB0 /* Usecases */ = {
			isa = PBXGroup;
			children = (
				9069A1E12CC73B9100E9CF75 /* GetFavoriteMoviesUsecase.swift */,
				90D0FD7B2CC095E10017BD86 /* GetMovieDetail.swift */,
				90F457D52CBF9F1C001A4CB0 /* GetPopularMoviesUsecase.swift */,
				90F457D62CBF9F1C001A4CB0 /* GetTopRatedMoviesUsecase.swift */,
				90F457D72CBF9F1C001A4CB0 /* GetUpcomingMoviesUsecase.swift */,
				90F457D82CBF9F1C001A4CB0 /* SearchMoviesUsecase.swift */,
				9069A1FF2CC75A0E00E9CF75 /* AddToFavoriteUsecase.swift */,
			);
			path = Usecases;
			sourceTree = "<group>";
		};
		90F457DA2CBF9F1C001A4CB0 /* Domain */ = {
			isa = PBXGroup;
			children = (
				90F457D22CBF9F1C001A4CB0 /* Entities */,
				90F457D42CBF9F1C001A4CB0 /* Repositories */,
				90F457D92CBF9F1C001A4CB0 /* Usecases */,
			);
			path = Domain;
			sourceTree = "<group>";
		};
		90F457DC2CBF9F1C001A4CB0 /* Favorite */ = {
			isa = PBXGroup;
			children = (
				9069A2012CC784E900E9CF75 /* ViewModels */,
				9069A1DA2CC5F40300E9CF75 /* SubViews */,
				90F457DB2CBF9F1C001A4CB0 /* FavoriteViewController.swift */,
			);
			path = Favorite;
			sourceTree = "<group>";
		};
		90F457DF2CBF9F1C001A4CB0 /* Extensions */ = {
			isa = PBXGroup;
			children = (
				90F457DD2CBF9F1C001A4CB0 /* HomeViewController+CollectionView+Extension.swift */,
				90F457DE2CBF9F1C001A4CB0 /* HomeViewController+RxSwift+Extension.swift */,
			);
			path = Extensions;
			sourceTree = "<group>";
		};
		90F457E32CBF9F1C001A4CB0 /* SubViews */ = {
			isa = PBXGroup;
			children = (
				90F457E02CBF9F1C001A4CB0 /* HeaderCollectionReusableView.swift */,
				90F457E12CBF9F1C001A4CB0 /* MovieCell.swift */,
				90F457E22CBF9F1C001A4CB0 /* TopRatedMovieCell.swift */,
			);
			path = SubViews;
			sourceTree = "<group>";
		};
		90F457E52CBF9F1C001A4CB0 /* ViewModels */ = {
			isa = PBXGroup;
			children = (
				90F457E42CBF9F1C001A4CB0 /* MovieListViewModel.swift */,
			);
			path = ViewModels;
			sourceTree = "<group>";
		};
		90F457E72CBF9F1C001A4CB0 /* Home */ = {
			isa = PBXGroup;
			children = (
				90F457DF2CBF9F1C001A4CB0 /* Extensions */,
				90F457E32CBF9F1C001A4CB0 /* SubViews */,
				90F457E52CBF9F1C001A4CB0 /* ViewModels */,
				90F457E62CBF9F1C001A4CB0 /* HomeViewController.swift */,
			);
			path = Home;
			sourceTree = "<group>";
		};
		90F457EB2CBF9F1C001A4CB0 /* Extensions */ = {
			isa = PBXGroup;
			children = (
				90F457E82CBF9F1C001A4CB0 /* PopularMoviesViewController+CollectionView+Extension.swift */,
				90F457E92CBF9F1C001A4CB0 /* PopularMoviesViewController+RxSwift+Extension.swift */,
				90F457EA2CBF9F1C001A4CB0 /* PopularMoviewsViewController+TextField+Extension.swift */,
			);
			path = Extensions;
			sourceTree = "<group>";
		};
		90F457EE2CBF9F1C001A4CB0 /* SubViews */ = {
			isa = PBXGroup;
			children = (
				90F457EC2CBF9F1C001A4CB0 /* MovieGridCell.swift */,
				90F457ED2CBF9F1C001A4CB0 /* MovieGridCell.xib */,
			);
			path = SubViews;
			sourceTree = "<group>";
		};
		90F457F02CBF9F1C001A4CB0 /* ViewModels */ = {
			isa = PBXGroup;
			children = (
				90F457EF2CBF9F1C001A4CB0 /* PopularMovieListViewModel.swift */,
			);
			path = ViewModels;
			sourceTree = "<group>";
		};
		90F457F22CBF9F1C001A4CB0 /* Popular */ = {
			isa = PBXGroup;
			children = (
				90F457EB2CBF9F1C001A4CB0 /* Extensions */,
				90F457EE2CBF9F1C001A4CB0 /* SubViews */,
				90F457F02CBF9F1C001A4CB0 /* ViewModels */,
				90F457F12CBF9F1C001A4CB0 /* PopularMoviesViewController.swift */,
			);
			path = Popular;
			sourceTree = "<group>";
		};
		90F457F32CBF9F1C001A4CB0 /* Presentation */ = {
			isa = PBXGroup;
			children = (
				90D0FD732CC0937D0017BD86 /* Detail */,
				90F457DC2CBF9F1C001A4CB0 /* Favorite */,
				90F457E72CBF9F1C001A4CB0 /* Home */,
				90F457F22CBF9F1C001A4CB0 /* Popular */,
			);
			path = Presentation;
			sourceTree = "<group>";
		};
		90F457F52CBF9F1C001A4CB0 /* Helpers */ = {
			isa = PBXGroup;
			children = (
				90F457F42CBF9F1C001A4CB0 /* helper.swift */,
			);
			path = Helpers;
			sourceTree = "<group>";
		};
		90F457FD2CBF9F1C001A4CB0 /* Supports */ = {
			isa = PBXGroup;
			children = (
				90F457F52CBF9F1C001A4CB0 /* Helpers */,
				90F457F62CBF9F1C001A4CB0 /* AppDelegate.swift */,
				90F457F72CBF9F1C001A4CB0 /* Assets.xcassets */,
				90F457F92CBF9F1C001A4CB0 /* LaunchScreen.storyboard */,
				90F457FA2CBF9F1C001A4CB0 /* MuviTabBarViewController.swift */,
				90F457FB2CBF9F1C001A4CB0 /* SceneDelegate.swift */,
				90F457FC2CBF9F1C001A4CB0 /* ViewController.swift */,
			);
			path = Supports;
			sourceTree = "<group>";
		};
		90F457FF2CBF9F1C001A4CB0 /* Muvi */ = {
			isa = PBXGroup;
			children = (
				90F457D02CBF9F1C001A4CB0 /* Data */,
				90F457DA2CBF9F1C001A4CB0 /* Domain */,
				90F457F32CBF9F1C001A4CB0 /* Presentation */,
				90F457FD2CBF9F1C001A4CB0 /* Supports */,
				90F457FE2CBF9F1C001A4CB0 /* Info.plist */,
			);
			path = Muvi;
			sourceTree = "<group>";
		};
		90F92B3A2CC1E44A0017F34D /* MovieDetailBackgroundCell */ = {
			isa = PBXGroup;
			children = (
				90AB388D2CC1DB2100B756D2 /* MovieDetailBackgroundCell.swift */,
				90AB388E2CC1DB2100B756D2 /* MovieDetailBackgroundCell.xib */,
			);
			path = MovieDetailBackgroundCell;
			sourceTree = "<group>";
		};
		90F92B3B2CC1E4580017F34D /* CastMemberCell */ = {
			isa = PBXGroup;
			children = (
				90F92B3C2CC1E4680017F34D /* CastMemberCell.swift */,
				90F92B3D2CC1E4680017F34D /* CastMemberCell.xib */,
			);
			path = CastMemberCell;
			sourceTree = "<group>";
		};
		9A5418FE74CC77A05D5510A1 /* Frameworks */ = {
			isa = PBXGroup;
			children = (
				25105CA305B4E98040F3075A /* Pods_Muvi.framework */,
			);
			name = Frameworks;
			sourceTree = "<group>";
		};
/* End PBXGroup section */

/* Begin PBXNativeTarget section */
		9048F1A42CB8C9E200D0FC34 /* Muvi */ = {
			isa = PBXNativeTarget;
			buildConfigurationList = 9048F1B82CB8C9E600D0FC34 /* Build configuration list for PBXNativeTarget "Muvi" */;
			buildPhases = (
				7072A899C4A066300C19CFFE /* [CP] Check Pods Manifest.lock */,
				9048F1A12CB8C9E200D0FC34 /* Sources */,
				9048F1A22CB8C9E200D0FC34 /* Frameworks */,
				9048F1A32CB8C9E200D0FC34 /* Resources */,
				906B04C92CB927B300730773 /* Embed Frameworks */,
				66C2DFEB968B8EBB124EC1C4 /* [CP] Embed Pods Frameworks */,
			);
			buildRules = (
			);
			dependencies = (
			);
			name = Muvi;
			packageProductDependencies = (
			);
			productName = Muvi;
			productReference = 9048F1A52CB8C9E200D0FC34 /* Muvi.app */;
			productType = "com.apple.product-type.application";
		};
/* End PBXNativeTarget section */

/* Begin PBXProject section */
		9048F19D2CB8C9E200D0FC34 /* Project object */ = {
			isa = PBXProject;
			attributes = {
				BuildIndependentTargetsInParallel = 1;
				LastSwiftUpdateCheck = 1600;
				LastUpgradeCheck = 1600;
				TargetAttributes = {
					9048F1A42CB8C9E200D0FC34 = {
						CreatedOnToolsVersion = 16.0;
					};
				};
			};
			buildConfigurationList = 9048F1A02CB8C9E200D0FC34 /* Build configuration list for PBXProject "Muvi" */;
			compatibilityVersion = "Xcode 14.0";
			developmentRegion = en;
			hasScannedForEncodings = 0;
			knownRegions = (
				en,
				Base,
			);
			mainGroup = 9048F19C2CB8C9E200D0FC34;
			packageReferences = (
			);
			productRefGroup = 9048F1A62CB8C9E200D0FC34 /* Products */;
			projectDirPath = "";
			projectRoot = "";
			targets = (
				9048F1A42CB8C9E200D0FC34 /* Muvi */,
			);
		};
/* End PBXProject section */

/* Begin PBXResourcesBuildPhase section */
		9048F1A32CB8C9E200D0FC34 /* Resources */ = {
			isa = PBXResourcesBuildPhase;
			buildActionMask = 2147483647;
			files = (
				90F458002CBF9F1C001A4CB0 /* MovieGridCell.xib in Resources */,
				90F92B3E2CC1E4680017F34D /* CastMemberCell.xib in Resources */,
				9069A1E02CC5F42D00E9CF75 /* FavoriteMovieCell.xib in Resources */,
				90AB388F2CC1DB2100B756D2 /* MovieDetailBackgroundCell.xib in Resources */,
				90F458012CBF9F1C001A4CB0 /* Assets.xcassets in Resources */,
				90F458022CBF9F1C001A4CB0 /* LaunchScreen.storyboard in Resources */,
			);
			runOnlyForDeploymentPostprocessing = 0;
		};
/* End PBXResourcesBuildPhase section */

/* Begin PBXShellScriptBuildPhase section */
		66C2DFEB968B8EBB124EC1C4 /* [CP] Embed Pods Frameworks */ = {
			isa = PBXShellScriptBuildPhase;
			buildActionMask = 2147483647;
			files = (
			);
			inputFileListPaths = (
				"${PODS_ROOT}/Target Support Files/Pods-Muvi/Pods-Muvi-frameworks-${CONFIGURATION}-input-files.xcfilelist",
			);
			name = "[CP] Embed Pods Frameworks";
			outputFileListPaths = (
				"${PODS_ROOT}/Target Support Files/Pods-Muvi/Pods-Muvi-frameworks-${CONFIGURATION}-output-files.xcfilelist",
			);
			runOnlyForDeploymentPostprocessing = 0;
			shellPath = /bin/sh;
			shellScript = "\"${PODS_ROOT}/Target Support Files/Pods-Muvi/Pods-Muvi-frameworks.sh\"\n";
			showEnvVarsInLog = 0;
		};
		7072A899C4A066300C19CFFE /* [CP] Check Pods Manifest.lock */ = {
			isa = PBXShellScriptBuildPhase;
			buildActionMask = 2147483647;
			files = (
			);
			inputFileListPaths = (
			);
			inputPaths = (
				"${PODS_PODFILE_DIR_PATH}/Podfile.lock",
				"${PODS_ROOT}/Manifest.lock",
			);
			name = "[CP] Check Pods Manifest.lock";
			outputFileListPaths = (
			);
			outputPaths = (
				"$(DERIVED_FILE_DIR)/Pods-Muvi-checkManifestLockResult.txt",
			);
			runOnlyForDeploymentPostprocessing = 0;
			shellPath = /bin/sh;
			shellScript = "diff \"${PODS_PODFILE_DIR_PATH}/Podfile.lock\" \"${PODS_ROOT}/Manifest.lock\" > /dev/null\nif [ $? != 0 ] ; then\n    # print error to STDERR\n    echo \"error: The sandbox is not in sync with the Podfile.lock. Run 'pod install' or update your CocoaPods installation.\" >&2\n    exit 1\nfi\n# This output is used by Xcode 'outputs' to avoid re-running this script phase.\necho \"SUCCESS\" > \"${SCRIPT_OUTPUT_FILE_0}\"\n";
			showEnvVarsInLog = 0;
		};
/* End PBXShellScriptBuildPhase section */

/* Begin PBXSourcesBuildPhase section */
		9048F1A12CB8C9E200D0FC34 /* Sources */ = {
			isa = PBXSourcesBuildPhase;
			buildActionMask = 2147483647;
			files = (
				90F458042CBF9F1C001A4CB0 /* MovieRemoteDataSource.swift in Sources */,
				9000A2E62CC1FE8C00FD8152 /* MovieDetailViewController+CollectionView+Extension.swift in Sources */,
				90F458052CBF9F1C001A4CB0 /* MovieRepositoryImpl.swift in Sources */,
				90F92B3F2CC1E4680017F34D /* CastMemberCell.swift in Sources */,
				9069A2002CC75A0E00E9CF75 /* AddToFavoriteUsecase.swift in Sources */,
				90F458062CBF9F1C001A4CB0 /* Movie.swift in Sources */,
				90D0FD7C2CC095E10017BD86 /* GetMovieDetail.swift in Sources */,
				90F458072CBF9F1C001A4CB0 /* MovieRepository.swift in Sources */,
				90F458082CBF9F1C001A4CB0 /* GetPopularMoviesUsecase.swift in Sources */,
				90F458092CBF9F1C001A4CB0 /* GetTopRatedMoviesUsecase.swift in Sources */,
				90AB38902CC1DB2100B756D2 /* MovieDetailBackgroundCell.swift in Sources */,
				9069A1E22CC73B9100E9CF75 /* GetFavoriteMoviesUsecase.swift in Sources */,
				90F4580A2CBF9F1C001A4CB0 /* GetUpcomingMoviesUsecase.swift in Sources */,
				90F4580B2CBF9F1C001A4CB0 /* SearchMoviesUsecase.swift in Sources */,
				9069A1DF2CC5F42D00E9CF75 /* FavoriteMovieCell.swift in Sources */,
				90F4580C2CBF9F1C001A4CB0 /* FavoriteViewController.swift in Sources */,
				90F4580D2CBF9F1C001A4CB0 /* HomeViewController+CollectionView+Extension.swift in Sources */,
				90F4580E2CBF9F1C001A4CB0 /* HomeViewController+RxSwift+Extension.swift in Sources */,
				90F4580F2CBF9F1C001A4CB0 /* HeaderCollectionReusableView.swift in Sources */,
				90F458102CBF9F1C001A4CB0 /* MovieCell.swift in Sources */,
				9000A2E82CC1FF6000FD8152 /* MovieDetailViewModel.swift in Sources */,
				90F458112CBF9F1C001A4CB0 /* TopRatedMovieCell.swift in Sources */,
				9069A1EA2CC741D000E9CF75 /* MovieLocalDataSource.swift in Sources */,
				90F458122CBF9F1C001A4CB0 /* MovieListViewModel.swift in Sources */,
				90F458132CBF9F1C001A4CB0 /* HomeViewController.swift in Sources */,
				90F458142CBF9F1C001A4CB0 /* PopularMoviesViewController+CollectionView+Extension.swift in Sources */,
				90F458152CBF9F1C001A4CB0 /* PopularMoviesViewController+RxSwift+Extension.swift in Sources */,
				9069A2032CC784FB00E9CF75 /* FavoriteMovieViewModel.swift in Sources */,
				90F458162CBF9F1C001A4CB0 /* PopularMoviewsViewController+TextField+Extension.swift in Sources */,
				9069A1E82CC73F5100E9CF75 /* CoreDataManager.swift in Sources */,
				90F458172CBF9F1C001A4CB0 /* MovieGridCell.swift in Sources */,
				90AB38862CC0B4C800B756D2 /* MovieDetailViewController.swift in Sources */,
				90F458182CBF9F1C001A4CB0 /* PopularMovieListViewModel.swift in Sources */,
				90F458192CBF9F1C001A4CB0 /* PopularMoviesViewController.swift in Sources */,
				90F4581A2CBF9F1C001A4CB0 /* helper.swift in Sources */,
				90F4581B2CBF9F1C001A4CB0 /* AppDelegate.swift in Sources */,
				90F4581C2CBF9F1C001A4CB0 /* MuviTabBarViewController.swift in Sources */,
				90F4581D2CBF9F1C001A4CB0 /* SceneDelegate.swift in Sources */,
				9069A1E62CC73D4F00E9CF75 /* MovieDataModel.xcdatamodeld in Sources */,
				90F4581E2CBF9F1C001A4CB0 /* ViewController.swift in Sources */,
			);
			runOnlyForDeploymentPostprocessing = 0;
		};
/* End PBXSourcesBuildPhase section */

/* Begin PBXVariantGroup section */
		90F457F92CBF9F1C001A4CB0 /* LaunchScreen.storyboard */ = {
			isa = PBXVariantGroup;
			children = (
				90F457F82CBF9F1C001A4CB0 /* Base */,
			);
			name = LaunchScreen.storyboard;
			sourceTree = "<group>";
		};
/* End PBXVariantGroup section */

/* Begin XCBuildConfiguration section */
		9048F1B92CB8C9E600D0FC34 /* Debug */ = {
			isa = XCBuildConfiguration;
			baseConfigurationReference = 0FE84CB7397699A319A57E1B /* Pods-Muvi.debug.xcconfig */;
			buildSettings = {
				ASSETCATALOG_COMPILER_APPICON_NAME = AppIcon;
				ASSETCATALOG_COMPILER_GLOBAL_ACCENT_COLOR_NAME = AccentColor;
				CODE_SIGN_STYLE = Automatic;
				CURRENT_PROJECT_VERSION = 1;
				DEVELOPMENT_TEAM = 57BYB3NG56;
				ENABLE_USER_SCRIPT_SANDBOXING = NO;
				GENERATE_INFOPLIST_FILE = YES;
				INFOPLIST_FILE = Muvi/Info.plist;
				INFOPLIST_KEY_UIApplicationSupportsIndirectInputEvents = YES;
				INFOPLIST_KEY_UILaunchStoryboardName = LaunchScreen;
				INFOPLIST_KEY_UISupportedInterfaceOrientations_iPad = "UIInterfaceOrientationPortrait UIInterfaceOrientationPortraitUpsideDown UIInterfaceOrientationLandscapeLeft UIInterfaceOrientationLandscapeRight";
				INFOPLIST_KEY_UISupportedInterfaceOrientations_iPhone = "UIInterfaceOrientationPortrait UIInterfaceOrientationLandscapeLeft UIInterfaceOrientationLandscapeRight";
				LD_RUNPATH_SEARCH_PATHS = (
					"$(inherited)",
					"@executable_path/Frameworks",
				);
				MARKETING_VERSION = 1.0;
				PRODUCT_BUNDLE_IDENTIFIER = com.ithans.Muvi;
				PRODUCT_NAME = "$(TARGET_NAME)";
				SWIFT_EMIT_LOC_STRINGS = YES;
				SWIFT_VERSION = 5.0;
				TARGETED_DEVICE_FAMILY = "1,2";
			};
			name = Debug;
		};
		9048F1BA2CB8C9E600D0FC34 /* Release */ = {
			isa = XCBuildConfiguration;
			baseConfigurationReference = 7A5D8FCDB2DEEC39A2593512 /* Pods-Muvi.release.xcconfig */;
			buildSettings = {
				ASSETCATALOG_COMPILER_APPICON_NAME = AppIcon;
				ASSETCATALOG_COMPILER_GLOBAL_ACCENT_COLOR_NAME = AccentColor;
				CODE_SIGN_STYLE = Automatic;
				CURRENT_PROJECT_VERSION = 1;
				DEVELOPMENT_TEAM = 57BYB3NG56;
				ENABLE_USER_SCRIPT_SANDBOXING = NO;
				GENERATE_INFOPLIST_FILE = YES;
				INFOPLIST_FILE = Muvi/Info.plist;
				INFOPLIST_KEY_UIApplicationSupportsIndirectInputEvents = YES;
				INFOPLIST_KEY_UILaunchStoryboardName = LaunchScreen;
				INFOPLIST_KEY_UISupportedInterfaceOrientations_iPad = "UIInterfaceOrientationPortrait UIInterfaceOrientationPortraitUpsideDown UIInterfaceOrientationLandscapeLeft UIInterfaceOrientationLandscapeRight";
				INFOPLIST_KEY_UISupportedInterfaceOrientations_iPhone = "UIInterfaceOrientationPortrait UIInterfaceOrientationLandscapeLeft UIInterfaceOrientationLandscapeRight";
				LD_RUNPATH_SEARCH_PATHS = (
					"$(inherited)",
					"@executable_path/Frameworks",
				);
				MARKETING_VERSION = 1.0;
				PRODUCT_BUNDLE_IDENTIFIER = com.ithans.Muvi;
				PRODUCT_NAME = "$(TARGET_NAME)";
				SWIFT_EMIT_LOC_STRINGS = YES;
				SWIFT_VERSION = 5.0;
				TARGETED_DEVICE_FAMILY = "1,2";
			};
			name = Release;
		};
		9048F1BB2CB8C9E600D0FC34 /* Debug */ = {
			isa = XCBuildConfiguration;
			buildSettings = {
				ALWAYS_SEARCH_USER_PATHS = NO;
				ASSETCATALOG_COMPILER_GENERATE_SWIFT_ASSET_SYMBOL_EXTENSIONS = YES;
				CLANG_ANALYZER_NONNULL = YES;
				CLANG_ANALYZER_NUMBER_OBJECT_CONVERSION = YES_AGGRESSIVE;
				CLANG_CXX_LANGUAGE_STANDARD = "gnu++20";
				CLANG_ENABLE_MODULES = YES;
				CLANG_ENABLE_OBJC_ARC = YES;
				CLANG_ENABLE_OBJC_WEAK = YES;
				CLANG_WARN_BLOCK_CAPTURE_AUTORELEASING = YES;
				CLANG_WARN_BOOL_CONVERSION = YES;
				CLANG_WARN_COMMA = YES;
				CLANG_WARN_CONSTANT_CONVERSION = YES;
				CLANG_WARN_DEPRECATED_OBJC_IMPLEMENTATIONS = YES;
				CLANG_WARN_DIRECT_OBJC_ISA_USAGE = YES_ERROR;
				CLANG_WARN_DOCUMENTATION_COMMENTS = YES;
				CLANG_WARN_EMPTY_BODY = YES;
				CLANG_WARN_ENUM_CONVERSION = YES;
				CLANG_WARN_INFINITE_RECURSION = YES;
				CLANG_WARN_INT_CONVERSION = YES;
				CLANG_WARN_NON_LITERAL_NULL_CONVERSION = YES;
				CLANG_WARN_OBJC_IMPLICIT_RETAIN_SELF = YES;
				CLANG_WARN_OBJC_LITERAL_CONVERSION = YES;
				CLANG_WARN_OBJC_ROOT_CLASS = YES_ERROR;
				CLANG_WARN_QUOTED_INCLUDE_IN_FRAMEWORK_HEADER = YES;
				CLANG_WARN_RANGE_LOOP_ANALYSIS = YES;
				CLANG_WARN_STRICT_PROTOTYPES = YES;
				CLANG_WARN_SUSPICIOUS_MOVE = YES;
				CLANG_WARN_UNGUARDED_AVAILABILITY = YES_AGGRESSIVE;
				CLANG_WARN_UNREACHABLE_CODE = YES;
				CLANG_WARN__DUPLICATE_METHOD_MATCH = YES;
				COPY_PHASE_STRIP = NO;
				DEBUG_INFORMATION_FORMAT = dwarf;
				ENABLE_STRICT_OBJC_MSGSEND = YES;
				ENABLE_TESTABILITY = YES;
				ENABLE_USER_SCRIPT_SANDBOXING = YES;
				GCC_C_LANGUAGE_STANDARD = gnu17;
				GCC_DYNAMIC_NO_PIC = NO;
				GCC_NO_COMMON_BLOCKS = YES;
				GCC_OPTIMIZATION_LEVEL = 0;
				GCC_PREPROCESSOR_DEFINITIONS = (
					"DEBUG=1",
					"$(inherited)",
				);
				GCC_WARN_64_TO_32_BIT_CONVERSION = YES;
				GCC_WARN_ABOUT_RETURN_TYPE = YES_ERROR;
				GCC_WARN_UNDECLARED_SELECTOR = YES;
				GCC_WARN_UNINITIALIZED_AUTOS = YES_AGGRESSIVE;
				GCC_WARN_UNUSED_FUNCTION = YES;
				GCC_WARN_UNUSED_VARIABLE = YES;
				IPHONEOS_DEPLOYMENT_TARGET = 18.0;
				LOCALIZATION_PREFERS_STRING_CATALOGS = YES;
				MTL_ENABLE_DEBUG_INFO = INCLUDE_SOURCE;
				MTL_FAST_MATH = YES;
				ONLY_ACTIVE_ARCH = YES;
				SDKROOT = iphoneos;
				SWIFT_ACTIVE_COMPILATION_CONDITIONS = "DEBUG $(inherited)";
				SWIFT_OPTIMIZATION_LEVEL = "-Onone";
			};
			name = Debug;
		};
		9048F1BC2CB8C9E600D0FC34 /* Release */ = {
			isa = XCBuildConfiguration;
			buildSettings = {
				ALWAYS_SEARCH_USER_PATHS = NO;
				ASSETCATALOG_COMPILER_GENERATE_SWIFT_ASSET_SYMBOL_EXTENSIONS = YES;
				CLANG_ANALYZER_NONNULL = YES;
				CLANG_ANALYZER_NUMBER_OBJECT_CONVERSION = YES_AGGRESSIVE;
				CLANG_CXX_LANGUAGE_STANDARD = "gnu++20";
				CLANG_ENABLE_MODULES = YES;
				CLANG_ENABLE_OBJC_ARC = YES;
				CLANG_ENABLE_OBJC_WEAK = YES;
				CLANG_WARN_BLOCK_CAPTURE_AUTORELEASING = YES;
				CLANG_WARN_BOOL_CONVERSION = YES;
				CLANG_WARN_COMMA = YES;
				CLANG_WARN_CONSTANT_CONVERSION = YES;
				CLANG_WARN_DEPRECATED_OBJC_IMPLEMENTATIONS = YES;
				CLANG_WARN_DIRECT_OBJC_ISA_USAGE = YES_ERROR;
				CLANG_WARN_DOCUMENTATION_COMMENTS = YES;
				CLANG_WARN_EMPTY_BODY = YES;
				CLANG_WARN_ENUM_CONVERSION = YES;
				CLANG_WARN_INFINITE_RECURSION = YES;
				CLANG_WARN_INT_CONVERSION = YES;
				CLANG_WARN_NON_LITERAL_NULL_CONVERSION = YES;
				CLANG_WARN_OBJC_IMPLICIT_RETAIN_SELF = YES;
				CLANG_WARN_OBJC_LITERAL_CONVERSION = YES;
				CLANG_WARN_OBJC_ROOT_CLASS = YES_ERROR;
				CLANG_WARN_QUOTED_INCLUDE_IN_FRAMEWORK_HEADER = YES;
				CLANG_WARN_RANGE_LOOP_ANALYSIS = YES;
				CLANG_WARN_STRICT_PROTOTYPES = YES;
				CLANG_WARN_SUSPICIOUS_MOVE = YES;
				CLANG_WARN_UNGUARDED_AVAILABILITY = YES_AGGRESSIVE;
				CLANG_WARN_UNREACHABLE_CODE = YES;
				CLANG_WARN__DUPLICATE_METHOD_MATCH = YES;
				COPY_PHASE_STRIP = NO;
				DEBUG_INFORMATION_FORMAT = "dwarf-with-dsym";
				ENABLE_NS_ASSERTIONS = NO;
				ENABLE_STRICT_OBJC_MSGSEND = YES;
				ENABLE_USER_SCRIPT_SANDBOXING = YES;
				GCC_C_LANGUAGE_STANDARD = gnu17;
				GCC_NO_COMMON_BLOCKS = YES;
				GCC_WARN_64_TO_32_BIT_CONVERSION = YES;
				GCC_WARN_ABOUT_RETURN_TYPE = YES_ERROR;
				GCC_WARN_UNDECLARED_SELECTOR = YES;
				GCC_WARN_UNINITIALIZED_AUTOS = YES_AGGRESSIVE;
				GCC_WARN_UNUSED_FUNCTION = YES;
				GCC_WARN_UNUSED_VARIABLE = YES;
				IPHONEOS_DEPLOYMENT_TARGET = 18.0;
				LOCALIZATION_PREFERS_STRING_CATALOGS = YES;
				MTL_ENABLE_DEBUG_INFO = NO;
				MTL_FAST_MATH = YES;
				SDKROOT = iphoneos;
				SWIFT_COMPILATION_MODE = wholemodule;
				VALIDATE_PRODUCT = YES;
			};
			name = Release;
		};
/* End XCBuildConfiguration section */

/* Begin XCConfigurationList section */
		9048F1A02CB8C9E200D0FC34 /* Build configuration list for PBXProject "Muvi" */ = {
			isa = XCConfigurationList;
			buildConfigurations = (
				9048F1BB2CB8C9E600D0FC34 /* Debug */,
				9048F1BC2CB8C9E600D0FC34 /* Release */,
			);
			defaultConfigurationIsVisible = 0;
			defaultConfigurationName = Release;
		};
		9048F1B82CB8C9E600D0FC34 /* Build configuration list for PBXNativeTarget "Muvi" */ = {
			isa = XCConfigurationList;
			buildConfigurations = (
				9048F1B92CB8C9E600D0FC34 /* Debug */,
				9048F1BA2CB8C9E600D0FC34 /* Release */,
			);
			defaultConfigurationIsVisible = 0;
			defaultConfigurationName = Release;
		};
/* End XCConfigurationList section */

/* Begin XCVersionGroup section */
		9069A1E42CC73D4F00E9CF75 /* MovieDataModel.xcdatamodeld */ = {
			isa = XCVersionGroup;
			children = (
				9069A1E52CC73D4F00E9CF75 /* MovieDataModel.xcdatamodel */,
			);
			currentVersion = 9069A1E52CC73D4F00E9CF75 /* MovieDataModel.xcdatamodel */;
			path = MovieDataModel.xcdatamodeld;
			sourceTree = "<group>";
			versionGroupType = wrapper.xcdatamodel;
		};
/* End XCVersionGroup section */
	};
	rootObject = 9048F19D2CB8C9E200D0FC34 /* Project object */;
}
